
Microsoft Visual Studio Solution File, Format Version 12.00
# Visual Studio 15
VisualStudioVersion = 15.0.28307.645
MinimumVisualStudioVersion = 10.0.40219.1
Project("{FAE04EC0-301F-11D3-BF4B-00C04F79EFBC}") = "FIDO2.CTAP.BLE", "FIDO2.CTAP.BLE\FIDO2.CTAP.BLE.csproj", "{B36895E8-FB06-4CA3-A30A-FE2A17BCFB61}"
EndProject
Project("{FAE04EC0-301F-11D3-BF4B-00C04F79EFBC}") = "Test01", "Test01\Test01.csproj", "{B976750A-30F6-42AD-AC91-185A74883045}"
EndProject
Global
	GlobalSection(SolutionConfigurationPlatforms) = preSolution
		Debug|Any CPU = Debug|Any CPU
		Release|Any CPU = Release|Any CPU
	EndGlobalSection
	GlobalSection(ProjectConfigurationPlatforms) = postSolution
		{B36895E8-FB06-4CA3-A30A-FE2A17BCFB61}.Debug|Any CPU.ActiveCfg = Debug|Any CPU
		{B36895E8-FB06-4CA3-A30A-FE2A17BCFB61}.Debug|Any CPU.Build.0 = Debug|Any CPU
		{B36895E8-FB06-4CA3-A30A-FE2A17BCFB61}.Release|Any CPU.ActiveCfg = Release|Any CPU
		{B36895E8-FB06-4CA3-A30A-FE2A17BCFB61}.Release|Any CPU.Build.0 = Release|Any CPU
		{B976750A-30F6-42AD-AC91-185A74883045}.Debug|Any CPU.ActiveCfg = Debug|Any CPU
		{B976750A-30F6-42AD-AC91-185A74883045}.Debug|Any CPU.Build.0 = Debug|Any CPU
		{B976750A-30F6-42AD-AC91-185A74883045}.Release|Any CPU.ActiveCfg = Release|Any CPU
		{B976750A-30F6-42AD-AC91-185A74883045}.Release|Any CPU.Build.0 = Release|Any CPU
	EndGlobalSection
	GlobalSection(SolutionProperties) = preSolution
		HideSolutionNode = FALSE
	EndGlobalSection
	GlobalSection(ExtensibilityGlobals) = postSolution
		SolutionGuid = {AC156683-2705-46B8-AD7E-E32914ED96DD}
	EndGlobalSection
EndGlobal
