
Microsoft Visual Studio Solution File, Format Version 12.00
# Visual Studio 15
VisualStudioVersion = 15.0.28307.645
MinimumVisualStudioVersion = 10.0.40219.1
Project("{FAE04EC0-301F-11D3-BF4B-00C04F79EFBC}") = "xServer", "xServer\xServer.csproj", "{6EFA5566-FD37-44BA-A5A8-A42CF89EDED4}"
EndProject
Project("{FAE04EC0-301F-11D3-BF4B-00C04F79EFBC}") = "xClient", "xClient\xClient.csproj", "{D7786320-24A0-4234-B59F-26E33EE49B40}"
EndProject
Project("{FAE04EC0-301F-11D3-BF4B-00C04F79EFBC}") = "g.FIDO2.CTAP", "..\src\g.FIDO2.CTAP\g.FIDO2.CTAP.csproj", "{C9972585-D4D3-4C4D-A34A-F2552BCEBA9E}"
EndProject
Project("{FAE04EC0-301F-11D3-BF4B-00C04F79EFBC}") = "g.FIDO2.CTAP.BLE", "..\src\g.FIDO2.CTAP.BLE\ctapBLE\g.FIDO2.CTAP.BLE\g.FIDO2.CTAP.BLE.csproj", "{B36895E8-FB06-4CA3-A30A-FE2A17BCFB61}"
EndProject
Project("{FAE04EC0-301F-11D3-BF4B-00C04F79EFBC}") = "g.FIDO2.CTAP.HID", "..\src\g.FIDO2.CTAP.HID\ctapHID\g.FIDO2.CTAP.HID\g.FIDO2.CTAP.HID.csproj", "{D93281F9-CD40-4A9E-9E62-E07DE13047C7}"
EndProject
Project("{FAE04EC0-301F-11D3-BF4B-00C04F79EFBC}") = "g.FIDO2.CTAP.NFC", "..\src\g.FIDO2.CTAP.NFC\ctapNFC\g.FIDO2.CTAP.NFC\g.FIDO2.CTAP.NFC.csproj", "{5926A1D9-68C0-42AC-AAF3-48BB5D5DCF7E}"
EndProject
Project("{FAE04EC0-301F-11D3-BF4B-00C04F79EFBC}") = "g.FIDO2.Util", "..\src\g.FIDO2.Util\util\g.FIDO2.Util\g.FIDO2.Util.csproj", "{5A0883BA-5A0C-4032-AE12-847FA56D6665}"
EndProject
Project("{FAE04EC0-301F-11D3-BF4B-00C04F79EFBC}") = "g.FIDO2", "..\src\g.FIDO2\g.FIDO2.csproj", "{DB20A9A4-4788-401A-ABF0-351653B67D34}"
EndProject
Global
	GlobalSection(SolutionConfigurationPlatforms) = preSolution
		Debug|Any CPU = Debug|Any CPU
		Release|Any CPU = Release|Any CPU
	EndGlobalSection
	GlobalSection(ProjectConfigurationPlatforms) = postSolution
		{6EFA5566-FD37-44BA-A5A8-A42CF89EDED4}.Debug|Any CPU.ActiveCfg = Debug|Any CPU
		{6EFA5566-FD37-44BA-A5A8-A42CF89EDED4}.Debug|Any CPU.Build.0 = Debug|Any CPU
		{6EFA5566-FD37-44BA-A5A8-A42CF89EDED4}.Release|Any CPU.ActiveCfg = Release|Any CPU
		{6EFA5566-FD37-44BA-A5A8-A42CF89EDED4}.Release|Any CPU.Build.0 = Release|Any CPU
		{D7786320-24A0-4234-B59F-26E33EE49B40}.Debug|Any CPU.ActiveCfg = Debug|Any CPU
		{D7786320-24A0-4234-B59F-26E33EE49B40}.Debug|Any CPU.Build.0 = Debug|Any CPU
		{D7786320-24A0-4234-B59F-26E33EE49B40}.Release|Any CPU.ActiveCfg = Release|Any CPU
		{D7786320-24A0-4234-B59F-26E33EE49B40}.Release|Any CPU.Build.0 = Release|Any CPU
		{C9972585-D4D3-4C4D-A34A-F2552BCEBA9E}.Debug|Any CPU.ActiveCfg = Debug|Any CPU
		{C9972585-D4D3-4C4D-A34A-F2552BCEBA9E}.Debug|Any CPU.Build.0 = Debug|Any CPU
		{C9972585-D4D3-4C4D-A34A-F2552BCEBA9E}.Release|Any CPU.ActiveCfg = Release|Any CPU
		{C9972585-D4D3-4C4D-A34A-F2552BCEBA9E}.Release|Any CPU.Build.0 = Release|Any CPU
		{B36895E8-FB06-4CA3-A30A-FE2A17BCFB61}.Debug|Any CPU.ActiveCfg = Debug|Any CPU
		{B36895E8-FB06-4CA3-A30A-FE2A17BCFB61}.Debug|Any CPU.Build.0 = Debug|Any CPU
		{B36895E8-FB06-4CA3-A30A-FE2A17BCFB61}.Release|Any CPU.ActiveCfg = Release|Any CPU
		{B36895E8-FB06-4CA3-A30A-FE2A17BCFB61}.Release|Any CPU.Build.0 = Release|Any CPU
		{D93281F9-CD40-4A9E-9E62-E07DE13047C7}.Debug|Any CPU.ActiveCfg = Debug|Any CPU
		{D93281F9-CD40-4A9E-9E62-E07DE13047C7}.Debug|Any CPU.Build.0 = Debug|Any CPU
		{D93281F9-CD40-4A9E-9E62-E07DE13047C7}.Release|Any CPU.ActiveCfg = Release|Any CPU
		{D93281F9-CD40-4A9E-9E62-E07DE13047C7}.Release|Any CPU.Build.0 = Release|Any CPU
		{5926A1D9-68C0-42AC-AAF3-48BB5D5DCF7E}.Debug|Any CPU.ActiveCfg = Debug|Any CPU
		{5926A1D9-68C0-42AC-AAF3-48BB5D5DCF7E}.Debug|Any CPU.Build.0 = Debug|Any CPU
		{5926A1D9-68C0-42AC-AAF3-48BB5D5DCF7E}.Release|Any CPU.ActiveCfg = Release|Any CPU
		{5926A1D9-68C0-42AC-AAF3-48BB5D5DCF7E}.Release|Any CPU.Build.0 = Release|Any CPU
		{5A0883BA-5A0C-4032-AE12-847FA56D6665}.Debug|Any CPU.ActiveCfg = Debug|Any CPU
		{5A0883BA-5A0C-4032-AE12-847FA56D6665}.Debug|Any CPU.Build.0 = Debug|Any CPU
		{5A0883BA-5A0C-4032-AE12-847FA56D6665}.Release|Any CPU.ActiveCfg = Release|Any CPU
		{5A0883BA-5A0C-4032-AE12-847FA56D6665}.Release|Any CPU.Build.0 = Release|Any CPU
		{DB20A9A4-4788-401A-ABF0-351653B67D34}.Debug|Any CPU.ActiveCfg = Debug|Any CPU
		{DB20A9A4-4788-401A-ABF0-351653B67D34}.Debug|Any CPU.Build.0 = Debug|Any CPU
		{DB20A9A4-4788-401A-ABF0-351653B67D34}.Release|Any CPU.ActiveCfg = Release|Any CPU
		{DB20A9A4-4788-401A-ABF0-351653B67D34}.Release|Any CPU.Build.0 = Release|Any CPU
	EndGlobalSection
	GlobalSection(SolutionProperties) = preSolution
		HideSolutionNode = FALSE
	EndGlobalSection
	GlobalSection(ExtensibilityGlobals) = postSolution
		SolutionGuid = {5DE39403-924F-4FD3-825A-C35E938D9945}
	EndGlobalSection
EndGlobal
