
Microsoft Visual Studio Solution File, Format Version 12.00
# Visual Studio 15
VisualStudioVersion = 15.0.28307.645
MinimumVisualStudioVersion = 10.0.40219.1
Project("{FAE04EC0-301F-11D3-BF4B-00C04F79EFBC}") = "FIDO2.Util", "FIDO2.Util\FIDO2.Util.csproj", "{5A0883BA-5A0C-4032-AE12-847FA56D6665}"
EndProject
Project("{FAE04EC0-301F-11D3-BF4B-00C04F79EFBC}") = "UtilTest01", "UtilTest01\UtilTest01.csproj", "{DE37D035-F9DE-4168-B5FE-BF076A30ABC8}"
EndProject
Project("{FAE04EC0-301F-11D3-BF4B-00C04F79EFBC}") = "FIDO2.CTAP.HID", "..\..\FIDO2.CTAP.HID\ctapHID\FIDO2.CTAP.HID\FIDO2.CTAP.HID.csproj", "{D93281F9-CD40-4A9E-9E62-E07DE13047C7}"
EndProject
Project("{FAE04EC0-301F-11D3-BF4B-00C04F79EFBC}") = "FIDO2.Credential", "..\..\FIDO2.Credential\FIDO2.Credential.csproj", "{2B88F146-6F9A-450D-95D7-55AABA5AFC36}"
EndProject
Global
	GlobalSection(SolutionConfigurationPlatforms) = preSolution
		Debug|Any CPU = Debug|Any CPU
		Release|Any CPU = Release|Any CPU
	EndGlobalSection
	GlobalSection(ProjectConfigurationPlatforms) = postSolution
		{5A0883BA-5A0C-4032-AE12-847FA56D6665}.Debug|Any CPU.ActiveCfg = Debug|Any CPU
		{5A0883BA-5A0C-4032-AE12-847FA56D6665}.Debug|Any CPU.Build.0 = Debug|Any CPU
		{5A0883BA-5A0C-4032-AE12-847FA56D6665}.Release|Any CPU.ActiveCfg = Release|Any CPU
		{5A0883BA-5A0C-4032-AE12-847FA56D6665}.Release|Any CPU.Build.0 = Release|Any CPU
		{DE37D035-F9DE-4168-B5FE-BF076A30ABC8}.Debug|Any CPU.ActiveCfg = Debug|Any CPU
		{DE37D035-F9DE-4168-B5FE-BF076A30ABC8}.Debug|Any CPU.Build.0 = Debug|Any CPU
		{DE37D035-F9DE-4168-B5FE-BF076A30ABC8}.Release|Any CPU.ActiveCfg = Release|Any CPU
		{DE37D035-F9DE-4168-B5FE-BF076A30ABC8}.Release|Any CPU.Build.0 = Release|Any CPU
		{D93281F9-CD40-4A9E-9E62-E07DE13047C7}.Debug|Any CPU.ActiveCfg = Debug|Any CPU
		{D93281F9-CD40-4A9E-9E62-E07DE13047C7}.Debug|Any CPU.Build.0 = Debug|Any CPU
		{D93281F9-CD40-4A9E-9E62-E07DE13047C7}.Release|Any CPU.ActiveCfg = Release|Any CPU
		{D93281F9-CD40-4A9E-9E62-E07DE13047C7}.Release|Any CPU.Build.0 = Release|Any CPU
		{2B88F146-6F9A-450D-95D7-55AABA5AFC36}.Debug|Any CPU.ActiveCfg = Debug|Any CPU
		{2B88F146-6F9A-450D-95D7-55AABA5AFC36}.Debug|Any CPU.Build.0 = Debug|Any CPU
		{2B88F146-6F9A-450D-95D7-55AABA5AFC36}.Release|Any CPU.ActiveCfg = Release|Any CPU
		{2B88F146-6F9A-450D-95D7-55AABA5AFC36}.Release|Any CPU.Build.0 = Release|Any CPU
	EndGlobalSection
	GlobalSection(SolutionProperties) = preSolution
		HideSolutionNode = FALSE
	EndGlobalSection
	GlobalSection(ExtensibilityGlobals) = postSolution
		SolutionGuid = {5D3CEEEE-C7FC-4745-8C4C-7F58FE5DE4B7}
	EndGlobalSection
EndGlobal
